
Microsoft Visual Studio Solution File, Format Version 12.00
# Visual Studio Version 17
VisualStudioVersion = 17.2.32526.322
MinimumVisualStudioVersion = 10.0.40219.1
Project("{FAE04EC0-301F-11D3-BF4B-00C04F79EFBC}") = "BookApp", "BookApp\BookApp.csproj", "{880D9BDF-97D9-4A73-B9E7-1D39A8B0E4D3}"
EndProject
Project("{FAE04EC0-301F-11D3-BF4B-00C04F79EFBC}") = "Project1Lib", "Project1Lib\Project1Lib.csproj", "{FE961BCE-1B4B-4DB5-9311-8C4747B9684A}"
EndProject
Global
	GlobalSection(SolutionConfigurationPlatforms) = preSolution
		Debug|Any CPU = Debug|Any CPU
		Release|Any CPU = Release|Any CPU
	EndGlobalSection
	GlobalSection(ProjectConfigurationPlatforms) = postSolution
		{880D9BDF-97D9-4A73-B9E7-1D39A8B0E4D3}.Debug|Any CPU.ActiveCfg = Debug|Any CPU
		{880D9BDF-97D9-4A73-B9E7-1D39A8B0E4D3}.Debug|Any CPU.Build.0 = Debug|Any CPU
		{880D9BDF-97D9-4A73-B9E7-1D39A8B0E4D3}.Release|Any CPU.ActiveCfg = Release|Any CPU
		{880D9BDF-97D9-4A73-B9E7-1D39A8B0E4D3}.Release|Any CPU.Build.0 = Release|Any CPU
		{FE961BCE-1B4B-4DB5-9311-8C4747B9684A}.Debug|Any CPU.ActiveCfg = Debug|Any CPU
		{FE961BCE-1B4B-4DB5-9311-8C4747B9684A}.Debug|Any CPU.Build.0 = Debug|Any CPU
		{FE961BCE-1B4B-4DB5-9311-8C4747B9684A}.Release|Any CPU.ActiveCfg = Release|Any CPU
		{FE961BCE-1B4B-4DB5-9311-8C4747B9684A}.Release|Any CPU.Build.0 = Release|Any CPU
	EndGlobalSection
	GlobalSection(SolutionProperties) = preSolution
		HideSolutionNode = FALSE
	EndGlobalSection
	GlobalSection(ExtensibilityGlobals) = postSolution
		SolutionGuid = {BD1E46FD-C892-49E8-9E6E-B1A17A66746F}
	EndGlobalSection
EndGlobal
